
Microsoft Visual Studio Solution File, Format Version 12.00
# Visual Studio Version 17
VisualStudioVersion = 17.10.35122.118
MinimumVisualStudioVersion = 10.0.40219.1
Project("{FAE04EC0-301F-11D3-BF4B-00C04F79EFBC}") = "Almacen.domain", "Almacen.domain\Almacen.domain.csproj", "{082364AF-94B9-4E8C-B8E2-AF7BE0EA2D43}"
EndProject
Project("{FAE04EC0-301F-11D3-BF4B-00C04F79EFBC}") = "Almacen.api", "Almacen.api\Almacen.api.csproj", "{5C55B996-56BC-4535-9CA5-DC6C9229902A}"
EndProject
Global
	GlobalSection(SolutionConfigurationPlatforms) = preSolution
		Debug|Any CPU = Debug|Any CPU
		Release|Any CPU = Release|Any CPU
	EndGlobalSection
	GlobalSection(ProjectConfigurationPlatforms) = postSolution
		{082364AF-94B9-4E8C-B8E2-AF7BE0EA2D43}.Debug|Any CPU.ActiveCfg = Debug|Any CPU
		{082364AF-94B9-4E8C-B8E2-AF7BE0EA2D43}.Debug|Any CPU.Build.0 = Debug|Any CPU
		{082364AF-94B9-4E8C-B8E2-AF7BE0EA2D43}.Release|Any CPU.ActiveCfg = Release|Any CPU
		{082364AF-94B9-4E8C-B8E2-AF7BE0EA2D43}.Release|Any CPU.Build.0 = Release|Any CPU
		{5C55B996-56BC-4535-9CA5-DC6C9229902A}.Debug|Any CPU.ActiveCfg = Debug|Any CPU
		{5C55B996-56BC-4535-9CA5-DC6C9229902A}.Debug|Any CPU.Build.0 = Debug|Any CPU
		{5C55B996-56BC-4535-9CA5-DC6C9229902A}.Release|Any CPU.ActiveCfg = Release|Any CPU
		{5C55B996-56BC-4535-9CA5-DC6C9229902A}.Release|Any CPU.Build.0 = Release|Any CPU
	EndGlobalSection
	GlobalSection(SolutionProperties) = preSolution
		HideSolutionNode = FALSE
	EndGlobalSection
	GlobalSection(ExtensibilityGlobals) = postSolution
		SolutionGuid = {18780600-3994-497D-A3B9-6C9C79EA7D7F}
	EndGlobalSection
EndGlobal
